// !$*UTF8*$!
{
	archiveVersion = 1;
	classes = {
	};
	objectVersion = 50;
	objects = {

/* Begin PBXBuildFile section */
		7EA8B6E522350ABC002D373C /* ZoomIt.framework in Frameworks */ = {isa = PBXBuildFile; fileRef = 7EA8B6DB22350ABC002D373C /* ZoomIt.framework */; };
		7EA8B6EA22350ABC002D373C /* ZoomItTests.swift in Sources */ = {isa = PBXBuildFile; fileRef = 7EA8B6E922350ABC002D373C /* ZoomItTests.swift */; };
		7EA8B6EC22350ABC002D373C /* ZoomIt.h in Headers */ = {isa = PBXBuildFile; fileRef = 7EA8B6DE22350ABC002D373C /* ZoomIt.h */; settings = {ATTRIBUTES = (Public, ); }; };
		7EA8B6FC22350B22002D373C /* AppDelegate.swift in Sources */ = {isa = PBXBuildFile; fileRef = 7EA8B6FB22350B22002D373C /* AppDelegate.swift */; };
		7EA8B6FE22350B22002D373C /* ViewController.swift in Sources */ = {isa = PBXBuildFile; fileRef = 7EA8B6FD22350B22002D373C /* ViewController.swift */; };
		7EA8B70122350B22002D373C /* Main.storyboard in Resources */ = {isa = PBXBuildFile; fileRef = 7EA8B6FF22350B22002D373C /* Main.storyboard */; };
		7EA8B70322350B23002D373C /* Assets.xcassets in Resources */ = {isa = PBXBuildFile; fileRef = 7EA8B70222350B23002D373C /* Assets.xcassets */; };
		7EA8B70622350B23002D373C /* LaunchScreen.storyboard in Resources */ = {isa = PBXBuildFile; fileRef = 7EA8B70422350B23002D373C /* LaunchScreen.storyboard */; };
		7EA8B71122350B23002D373C /* ZoomItExampleTests.swift in Sources */ = {isa = PBXBuildFile; fileRef = 7EA8B71022350B23002D373C /* ZoomItExampleTests.swift */; };
		7EA8B71A22350CD2002D373C /* ZoomMe.swift in Sources */ = {isa = PBXBuildFile; fileRef = 7EA8B71922350CD2002D373C /* ZoomMe.swift */; };
/* End PBXBuildFile section */

/* Begin PBXContainerItemProxy section */
		7EA8B6E622350ABC002D373C /* PBXContainerItemProxy */ = {
			isa = PBXContainerItemProxy;
			containerPortal = 7EA8B6D222350ABC002D373C /* Project object */;
			proxyType = 1;
			remoteGlobalIDString = 7EA8B6DA22350ABC002D373C;
			remoteInfo = ZoomIt;
		};
		7EA8B70D22350B23002D373C /* PBXContainerItemProxy */ = {
			isa = PBXContainerItemProxy;
			containerPortal = 7EA8B6D222350ABC002D373C /* Project object */;
			proxyType = 1;
			remoteGlobalIDString = 7EA8B6F822350B22002D373C;
			remoteInfo = ZoomItExample;
		};
/* End PBXContainerItemProxy section */

/* Begin PBXFileReference section */
		7EA8B6DB22350ABC002D373C /* ZoomIt.framework */ = {isa = PBXFileReference; explicitFileType = wrapper.framework; includeInIndex = 0; path = ZoomIt.framework; sourceTree = BUILT_PRODUCTS_DIR; };
		7EA8B6DE22350ABC002D373C /* ZoomIt.h */ = {isa = PBXFileReference; lastKnownFileType = sourcecode.c.h; path = ZoomIt.h; sourceTree = "<group>"; };
		7EA8B6DF22350ABC002D373C /* Info.plist */ = {isa = PBXFileReference; lastKnownFileType = text.plist.xml; path = Info.plist; sourceTree = "<group>"; };
		7EA8B6E422350ABC002D373C /* ZoomItTests.xctest */ = {isa = PBXFileReference; explicitFileType = wrapper.cfbundle; includeInIndex = 0; path = ZoomItTests.xctest; sourceTree = BUILT_PRODUCTS_DIR; };
		7EA8B6E922350ABC002D373C /* ZoomItTests.swift */ = {isa = PBXFileReference; lastKnownFileType = sourcecode.swift; path = ZoomItTests.swift; sourceTree = "<group>"; };
		7EA8B6EB22350ABC002D373C /* Info.plist */ = {isa = PBXFileReference; lastKnownFileType = text.plist.xml; path = Info.plist; sourceTree = "<group>"; };
		7EA8B6F922350B22002D373C /* ZoomItExample.app */ = {isa = PBXFileReference; explicitFileType = wrapper.application; includeInIndex = 0; path = ZoomItExample.app; sourceTree = BUILT_PRODUCTS_DIR; };
		7EA8B6FB22350B22002D373C /* AppDelegate.swift */ = {isa = PBXFileReference; lastKnownFileType = sourcecode.swift; path = AppDelegate.swift; sourceTree = "<group>"; };
		7EA8B6FD22350B22002D373C /* ViewController.swift */ = {isa = PBXFileReference; lastKnownFileType = sourcecode.swift; path = ViewController.swift; sourceTree = "<group>"; };
		7EA8B70022350B22002D373C /* Base */ = {isa = PBXFileReference; lastKnownFileType = file.storyboard; name = Base; path = Base.lproj/Main.storyboard; sourceTree = "<group>"; };
		7EA8B70222350B23002D373C /* Assets.xcassets */ = {isa = PBXFileReference; lastKnownFileType = folder.assetcatalog; path = Assets.xcassets; sourceTree = "<group>"; };
		7EA8B70522350B23002D373C /* Base */ = {isa = PBXFileReference; lastKnownFileType = file.storyboard; name = Base; path = Base.lproj/LaunchScreen.storyboard; sourceTree = "<group>"; };
		7EA8B70722350B23002D373C /* Info.plist */ = {isa = PBXFileReference; lastKnownFileType = text.plist.xml; path = Info.plist; sourceTree = "<group>"; };
		7EA8B70C22350B23002D373C /* ZoomItExampleTests.xctest */ = {isa = PBXFileReference; explicitFileType = wrapper.cfbundle; includeInIndex = 0; path = ZoomItExampleTests.xctest; sourceTree = BUILT_PRODUCTS_DIR; };
		7EA8B71022350B23002D373C /* ZoomItExampleTests.swift */ = {isa = PBXFileReference; lastKnownFileType = sourcecode.swift; path = ZoomItExampleTests.swift; sourceTree = "<group>"; };
		7EA8B71222350B23002D373C /* Info.plist */ = {isa = PBXFileReference; lastKnownFileType = text.plist.xml; path = Info.plist; sourceTree = "<group>"; };
		7EA8B71922350CD2002D373C /* ZoomMe.swift */ = {isa = PBXFileReference; fileEncoding = 4; lastKnownFileType = sourcecode.swift; path = ZoomMe.swift; sourceTree = "<group>"; };
/* End PBXFileReference section */

/* Begin PBXFrameworksBuildPhase section */
		7EA8B6D822350ABC002D373C /* Frameworks */ = {
			isa = PBXFrameworksBuildPhase;
			buildActionMask = 2147483647;
			files = (
			);
			runOnlyForDeploymentPostprocessing = 0;
		};
		7EA8B6E122350ABC002D373C /* Frameworks */ = {
			isa = PBXFrameworksBuildPhase;
			buildActionMask = 2147483647;
			files = (
				7EA8B6E522350ABC002D373C /* ZoomIt.framework in Frameworks */,
			);
			runOnlyForDeploymentPostprocessing = 0;
		};
		7EA8B6F622350B22002D373C /* Frameworks */ = {
			isa = PBXFrameworksBuildPhase;
			buildActionMask = 2147483647;
			files = (
			);
			runOnlyForDeploymentPostprocessing = 0;
		};
		7EA8B70922350B23002D373C /* Frameworks */ = {
			isa = PBXFrameworksBuildPhase;
			buildActionMask = 2147483647;
			files = (
			);
			runOnlyForDeploymentPostprocessing = 0;
		};
/* End PBXFrameworksBuildPhase section */

/* Begin PBXGroup section */
		7EA8B6D122350ABC002D373C = {
			isa = PBXGroup;
			children = (
				7EA8B6DD22350ABC002D373C /* ZoomIt */,
				7EA8B6E822350ABC002D373C /* ZoomItTests */,
				7EA8B6FA22350B22002D373C /* ZoomItExample */,
				7EA8B70F22350B23002D373C /* ZoomItExampleTests */,
				7EA8B6DC22350ABC002D373C /* Products */,
			);
			sourceTree = "<group>";
		};
		7EA8B6DC22350ABC002D373C /* Products */ = {
			isa = PBXGroup;
			children = (
				7EA8B6DB22350ABC002D373C /* ZoomIt.framework */,
				7EA8B6E422350ABC002D373C /* ZoomItTests.xctest */,
				7EA8B6F922350B22002D373C /* ZoomItExample.app */,
				7EA8B70C22350B23002D373C /* ZoomItExampleTests.xctest */,
			);
			name = Products;
			sourceTree = "<group>";
		};
		7EA8B6DD22350ABC002D373C /* ZoomIt */ = {
			isa = PBXGroup;
			children = (
				7EA8B6DE22350ABC002D373C /* ZoomIt.h */,
				7EA8B6DF22350ABC002D373C /* Info.plist */,
				7EA8B71922350CD2002D373C /* ZoomMe.swift */,
			);
			path = ZoomIt;
			sourceTree = "<group>";
		};
		7EA8B6E822350ABC002D373C /* ZoomItTests */ = {
			isa = PBXGroup;
			children = (
				7EA8B6E922350ABC002D373C /* ZoomItTests.swift */,
				7EA8B6EB22350ABC002D373C /* Info.plist */,
			);
			path = ZoomItTests;
			sourceTree = "<group>";
		};
		7EA8B6FA22350B22002D373C /* ZoomItExample */ = {
			isa = PBXGroup;
			children = (
				7EA8B6FB22350B22002D373C /* AppDelegate.swift */,
				7EA8B6FD22350B22002D373C /* ViewController.swift */,
				7EA8B6FF22350B22002D373C /* Main.storyboard */,
				7EA8B70222350B23002D373C /* Assets.xcassets */,
				7EA8B70422350B23002D373C /* LaunchScreen.storyboard */,
				7EA8B70722350B23002D373C /* Info.plist */,
			);
			path = ZoomItExample;
			sourceTree = "<group>";
		};
		7EA8B70F22350B23002D373C /* ZoomItExampleTests */ = {
			isa = PBXGroup;
			children = (
				7EA8B71022350B23002D373C /* ZoomItExampleTests.swift */,
				7EA8B71222350B23002D373C /* Info.plist */,
			);
			path = ZoomItExampleTests;
			sourceTree = "<group>";
		};
/* End PBXGroup section */

/* Begin PBXHeadersBuildPhase section */
		7EA8B6D622350ABC002D373C /* Headers */ = {
			isa = PBXHeadersBuildPhase;
			buildActionMask = 2147483647;
			files = (
				7EA8B6EC22350ABC002D373C /* ZoomIt.h in Headers */,
			);
			runOnlyForDeploymentPostprocessing = 0;
		};
/* End PBXHeadersBuildPhase section */

/* Begin PBXNativeTarget section */
		7EA8B6DA22350ABC002D373C /* ZoomIt */ = {
			isa = PBXNativeTarget;
			buildConfigurationList = 7EA8B6EF22350ABC002D373C /* Build configuration list for PBXNativeTarget "ZoomIt" */;
			buildPhases = (
				7EA8B6D622350ABC002D373C /* Headers */,
				7EA8B6D722350ABC002D373C /* Sources */,
				7EA8B6D822350ABC002D373C /* Frameworks */,
				7EA8B6D922350ABC002D373C /* Resources */,
			);
			buildRules = (
			);
			dependencies = (
			);
			name = ZoomIt;
			productName = ZoomIt;
			productReference = 7EA8B6DB22350ABC002D373C /* ZoomIt.framework */;
			productType = "com.apple.product-type.framework";
		};
		7EA8B6E322350ABC002D373C /* ZoomItTests */ = {
			isa = PBXNativeTarget;
			buildConfigurationList = 7EA8B6F222350ABC002D373C /* Build configuration list for PBXNativeTarget "ZoomItTests" */;
			buildPhases = (
				7EA8B6E022350ABC002D373C /* Sources */,
				7EA8B6E122350ABC002D373C /* Frameworks */,
				7EA8B6E222350ABC002D373C /* Resources */,
			);
			buildRules = (
			);
			dependencies = (
				7EA8B6E722350ABC002D373C /* PBXTargetDependency */,
			);
			name = ZoomItTests;
			productName = ZoomItTests;
			productReference = 7EA8B6E422350ABC002D373C /* ZoomItTests.xctest */;
			productType = "com.apple.product-type.bundle.unit-test";
		};
		7EA8B6F822350B22002D373C /* ZoomItExample */ = {
			isa = PBXNativeTarget;
			buildConfigurationList = 7EA8B71322350B23002D373C /* Build configuration list for PBXNativeTarget "ZoomItExample" */;
			buildPhases = (
				7EA8B6F522350B22002D373C /* Sources */,
				7EA8B6F622350B22002D373C /* Frameworks */,
				7EA8B6F722350B22002D373C /* Resources */,
			);
			buildRules = (
			);
			dependencies = (
			);
			name = ZoomItExample;
			productName = ZoomItExample;
			productReference = 7EA8B6F922350B22002D373C /* ZoomItExample.app */;
			productType = "com.apple.product-type.application";
		};
		7EA8B70B22350B23002D373C /* ZoomItExampleTests */ = {
			isa = PBXNativeTarget;
			buildConfigurationList = 7EA8B71622350B23002D373C /* Build configuration list for PBXNativeTarget "ZoomItExampleTests" */;
			buildPhases = (
				7EA8B70822350B23002D373C /* Sources */,
				7EA8B70922350B23002D373C /* Frameworks */,
				7EA8B70A22350B23002D373C /* Resources */,
			);
			buildRules = (
			);
			dependencies = (
				7EA8B70E22350B23002D373C /* PBXTargetDependency */,
			);
			name = ZoomItExampleTests;
			productName = ZoomItExampleTests;
			productReference = 7EA8B70C22350B23002D373C /* ZoomItExampleTests.xctest */;
			productType = "com.apple.product-type.bundle.unit-test";
		};
/* End PBXNativeTarget section */

/* Begin PBXProject section */
		7EA8B6D222350ABC002D373C /* Project object */ = {
			isa = PBXProject;
			attributes = {
				LastSwiftUpdateCheck = 1010;
				LastUpgradeCheck = 1010;
				ORGANIZATIONNAME = "Sherif  Wagih";
				TargetAttributes = {
					7EA8B6DA22350ABC002D373C = {
						CreatedOnToolsVersion = 10.1;
						LastSwiftMigration = 1010;
					};
					7EA8B6E322350ABC002D373C = {
						CreatedOnToolsVersion = 10.1;
					};
					7EA8B6F822350B22002D373C = {
						CreatedOnToolsVersion = 10.1;
					};
					7EA8B70B22350B23002D373C = {
						CreatedOnToolsVersion = 10.1;
						TestTargetID = 7EA8B6F822350B22002D373C;
					};
				};
			};
			buildConfigurationList = 7EA8B6D522350ABC002D373C /* Build configuration list for PBXProject "ZoomIt" */;
			compatibilityVersion = "Xcode 9.3";
			developmentRegion = en;
			hasScannedForEncodings = 0;
			knownRegions = (
				en,
				Base,
			);
			mainGroup = 7EA8B6D122350ABC002D373C;
			productRefGroup = 7EA8B6DC22350ABC002D373C /* Products */;
			projectDirPath = "";
			projectRoot = "";
			targets = (
				7EA8B6DA22350ABC002D373C /* ZoomIt */,
				7EA8B6E322350ABC002D373C /* ZoomItTests */,
				7EA8B6F822350B22002D373C /* ZoomItExample */,
				7EA8B70B22350B23002D373C /* ZoomItExampleTests */,
			);
		};
/* End PBXProject section */

/* Begin PBXResourcesBuildPhase section */
		7EA8B6D922350ABC002D373C /* Resources */ = {
			isa = PBXResourcesBuildPhase;
			buildActionMask = 2147483647;
			files = (
			);
			runOnlyForDeploymentPostprocessing = 0;
		};
		7EA8B6E222350ABC002D373C /* Resources */ = {
			isa = PBXResourcesBuildPhase;
			buildActionMask = 2147483647;
			files = (
			);
			runOnlyForDeploymentPostprocessing = 0;
		};
		7EA8B6F722350B22002D373C /* Resources */ = {
			isa = PBXResourcesBuildPhase;
			buildActionMask = 2147483647;
			files = (
				7EA8B70622350B23002D373C /* LaunchScreen.storyboard in Resources */,
				7EA8B70322350B23002D373C /* Assets.xcassets in Resources */,
				7EA8B70122350B22002D373C /* Main.storyboard in Resources */,
			);
			runOnlyForDeploymentPostprocessing = 0;
		};
		7EA8B70A22350B23002D373C /* Resources */ = {
			isa = PBXResourcesBuildPhase;
			buildActionMask = 2147483647;
			files = (
			);
			runOnlyForDeploymentPostprocessing = 0;
		};
/* End PBXResourcesBuildPhase section */

/* Begin PBXSourcesBuildPhase section */
		7EA8B6D722350ABC002D373C /* Sources */ = {
			isa = PBXSourcesBuildPhase;
			buildActionMask = 2147483647;
			files = (
				7EA8B71A22350CD2002D373C /* ZoomMe.swift in Sources */,
			);
			runOnlyForDeploymentPostprocessing = 0;
		};
		7EA8B6E022350ABC002D373C /* Sources */ = {
			isa = PBXSourcesBuildPhase;
			buildActionMask = 2147483647;
			files = (
				7EA8B6EA22350ABC002D373C /* ZoomItTests.swift in Sources */,
			);
			runOnlyForDeploymentPostprocessing = 0;
		};
		7EA8B6F522350B22002D373C /* Sources */ = {
			isa = PBXSourcesBuildPhase;
			buildActionMask = 2147483647;
			files = (
				7EA8B6FE22350B22002D373C /* ViewController.swift in Sources */,
				7EA8B6FC22350B22002D373C /* AppDelegate.swift in Sources */,
			);
			runOnlyForDeploymentPostprocessing = 0;
		};
		7EA8B70822350B23002D373C /* Sources */ = {
			isa = PBXSourcesBuildPhase;
			buildActionMask = 2147483647;
			files = (
				7EA8B71122350B23002D373C /* ZoomItExampleTests.swift in Sources */,
			);
			runOnlyForDeploymentPostprocessing = 0;
		};
/* End PBXSourcesBuildPhase section */

/* Begin PBXTargetDependency section */
		7EA8B6E722350ABC002D373C /* PBXTargetDependency */ = {
			isa = PBXTargetDependency;
			target = 7EA8B6DA22350ABC002D373C /* ZoomIt */;
			targetProxy = 7EA8B6E622350ABC002D373C /* PBXContainerItemProxy */;
		};
		7EA8B70E22350B23002D373C /* PBXTargetDependency */ = {
			isa = PBXTargetDependency;
			target = 7EA8B6F822350B22002D373C /* ZoomItExample */;
			targetProxy = 7EA8B70D22350B23002D373C /* PBXContainerItemProxy */;
		};
/* End PBXTargetDependency section */

/* Begin PBXVariantGroup section */
		7EA8B6FF22350B22002D373C /* Main.storyboard */ = {
			isa = PBXVariantGroup;
			children = (
				7EA8B70022350B22002D373C /* Base */,
			);
			name = Main.storyboard;
			sourceTree = "<group>";
		};
		7EA8B70422350B23002D373C /* LaunchScreen.storyboard */ = {
			isa = PBXVariantGroup;
			children = (
				7EA8B70522350B23002D373C /* Base */,
			);
			name = LaunchScreen.storyboard;
			sourceTree = "<group>";
		};
/* End PBXVariantGroup section */

/* Begin XCBuildConfiguration section */
		7EA8B6ED22350ABC002D373C /* Debug */ = {
			isa = XCBuildConfiguration;
			buildSettings = {
				ALWAYS_SEARCH_USER_PATHS = NO;
				CLANG_ANALYZER_NONNULL = YES;
				CLANG_ANALYZER_NUMBER_OBJECT_CONVERSION = YES_AGGRESSIVE;
				CLANG_CXX_LANGUAGE_STANDARD = "gnu++14";
				CLANG_CXX_LIBRARY = "libc++";
				CLANG_ENABLE_MODULES = YES;
				CLANG_ENABLE_OBJC_ARC = YES;
				CLANG_ENABLE_OBJC_WEAK = YES;
				CLANG_WARN_BLOCK_CAPTURE_AUTORELEASING = YES;
				CLANG_WARN_BOOL_CONVERSION = YES;
				CLANG_WARN_COMMA = YES;
				CLANG_WARN_CONSTANT_CONVERSION = YES;
				CLANG_WARN_DEPRECATED_OBJC_IMPLEMENTATIONS = YES;
				CLANG_WARN_DIRECT_OBJC_ISA_USAGE = YES_ERROR;
				CLANG_WARN_DOCUMENTATION_COMMENTS = YES;
				CLANG_WARN_EMPTY_BODY = YES;
				CLANG_WARN_ENUM_CONVERSION = YES;
				CLANG_WARN_INFINITE_RECURSION = YES;
				CLANG_WARN_INT_CONVERSION = YES;
				CLANG_WARN_NON_LITERAL_NULL_CONVERSION = YES;
				CLANG_WARN_OBJC_IMPLICIT_RETAIN_SELF = YES;
				CLANG_WARN_OBJC_LITERAL_CONVERSION = YES;
				CLANG_WARN_OBJC_ROOT_CLASS = YES_ERROR;
				CLANG_WARN_RANGE_LOOP_ANALYSIS = YES;
				CLANG_WARN_STRICT_PROTOTYPES = YES;
				CLANG_WARN_SUSPICIOUS_MOVE = YES;
				CLANG_WARN_UNGUARDED_AVAILABILITY = YES_AGGRESSIVE;
				CLANG_WARN_UNREACHABLE_CODE = YES;
				CLANG_WARN__DUPLICATE_METHOD_MATCH = YES;
				CODE_SIGN_IDENTITY = "iPhone Developer";
				COPY_PHASE_STRIP = NO;
				CURRENT_PROJECT_VERSION = 1;
				DEBUG_INFORMATION_FORMAT = dwarf;
				ENABLE_STRICT_OBJC_MSGSEND = YES;
				ENABLE_TESTABILITY = YES;
				GCC_C_LANGUAGE_STANDARD = gnu11;
				GCC_DYNAMIC_NO_PIC = NO;
				GCC_NO_COMMON_BLOCKS = YES;
				GCC_OPTIMIZATION_LEVEL = 0;
				GCC_PREPROCESSOR_DEFINITIONS = (
					"DEBUG=1",
					"$(inherited)",
				);
				GCC_WARN_64_TO_32_BIT_CONVERSION = YES;
				GCC_WARN_ABOUT_RETURN_TYPE = YES_ERROR;
				GCC_WARN_UNDECLARED_SELECTOR = YES;
				GCC_WARN_UNINITIALIZED_AUTOS = YES_AGGRESSIVE;
				GCC_WARN_UNUSED_FUNCTION = YES;
				GCC_WARN_UNUSED_VARIABLE = YES;
				IPHONEOS_DEPLOYMENT_TARGET = 12.1;
				MTL_ENABLE_DEBUG_INFO = INCLUDE_SOURCE;
				MTL_FAST_MATH = YES;
				ONLY_ACTIVE_ARCH = YES;
				SDKROOT = iphoneos;
				SWIFT_ACTIVE_COMPILATION_CONDITIONS = DEBUG;
				SWIFT_OPTIMIZATION_LEVEL = "-Onone";
				VERSIONING_SYSTEM = "apple-generic";
				VERSION_INFO_PREFIX = "";
			};
			name = Debug;
		};
		7EA8B6EE22350ABC002D373C /* Release */ = {
			isa = XCBuildConfiguration;
			buildSettings = {
				ALWAYS_SEARCH_USER_PATHS = NO;
				CLANG_ANALYZER_NONNULL = YES;
				CLANG_ANALYZER_NUMBER_OBJECT_CONVERSION = YES_AGGRESSIVE;
				CLANG_CXX_LANGUAGE_STANDARD = "gnu++14";
				CLANG_CXX_LIBRARY = "libc++";
				CLANG_ENABLE_MODULES = YES;
				CLANG_ENABLE_OBJC_ARC = YES;
				CLANG_ENABLE_OBJC_WEAK = YES;
				CLANG_WARN_BLOCK_CAPTURE_AUTORELEASING = YES;
				CLANG_WARN_BOOL_CONVERSION = YES;
				CLANG_WARN_COMMA = YES;
				CLANG_WARN_CONSTANT_CONVERSION = YES;
				CLANG_WARN_DEPRECATED_OBJC_IMPLEMENTATIONS = YES;
				CLANG_WARN_DIRECT_OBJC_ISA_USAGE = YES_ERROR;
				CLANG_WARN_DOCUMENTATION_COMMENTS = YES;
				CLANG_WARN_EMPTY_BODY = YES;
				CLANG_WARN_ENUM_CONVERSION = YES;
				CLANG_WARN_INFINITE_RECURSION = YES;
				CLANG_WARN_INT_CONVERSION = YES;
				CLANG_WARN_NON_LITERAL_NULL_CONVERSION = YES;
				CLANG_WARN_OBJC_IMPLICIT_RETAIN_SELF = YES;
				CLANG_WARN_OBJC_LITERAL_CONVERSION = YES;
				CLANG_WARN_OBJC_ROOT_CLASS = YES_ERROR;
				CLANG_WARN_RANGE_LOOP_ANALYSIS = YES;
				CLANG_WARN_STRICT_PROTOTYPES = YES;
				CLANG_WARN_SUSPICIOUS_MOVE = YES;
				CLANG_WARN_UNGUARDED_AVAILABILITY = YES_AGGRESSIVE;
				CLANG_WARN_UNREACHABLE_CODE = YES;
				CLANG_WARN__DUPLICATE_METHOD_MATCH = YES;
				CODE_SIGN_IDENTITY = "iPhone Developer";
				COPY_PHASE_STRIP = NO;
				CURRENT_PROJECT_VERSION = 1;
				DEBUG_INFORMATION_FORMAT = "dwarf-with-dsym";
				ENABLE_NS_ASSERTIONS = NO;
				ENABLE_STRICT_OBJC_MSGSEND = YES;
				GCC_C_LANGUAGE_STANDARD = gnu11;
				GCC_NO_COMMON_BLOCKS = YES;
				GCC_WARN_64_TO_32_BIT_CONVERSION = YES;
				GCC_WARN_ABOUT_RETURN_TYPE = YES_ERROR;
				GCC_WARN_UNDECLARED_SELECTOR = YES;
				GCC_WARN_UNINITIALIZED_AUTOS = YES_AGGRESSIVE;
				GCC_WARN_UNUSED_FUNCTION = YES;
				GCC_WARN_UNUSED_VARIABLE = YES;
				IPHONEOS_DEPLOYMENT_TARGET = 12.1;
				MTL_ENABLE_DEBUG_INFO = NO;
				MTL_FAST_MATH = YES;
				SDKROOT = iphoneos;
				SWIFT_COMPILATION_MODE = wholemodule;
				SWIFT_OPTIMIZATION_LEVEL = "-O";
				VALIDATE_PRODUCT = YES;
				VERSIONING_SYSTEM = "apple-generic";
				VERSION_INFO_PREFIX = "";
			};
			name = Release;
		};
		7EA8B6F022350ABC002D373C /* Debug */ = {
			isa = XCBuildConfiguration;
			buildSettings = {
				CLANG_ENABLE_MODULES = YES;
				CODE_SIGN_IDENTITY = "";
				CODE_SIGN_STYLE = Automatic;
				DEFINES_MODULE = YES;
				DEVELOPMENT_TEAM = GUS473JQDG;
				DYLIB_COMPATIBILITY_VERSION = 1;
				DYLIB_CURRENT_VERSION = 1;
				DYLIB_INSTALL_NAME_BASE = "@rpath";
				INFOPLIST_FILE = ZoomIt/Info.plist;
				INSTALL_PATH = "$(LOCAL_LIBRARY_DIR)/Frameworks";
				LD_RUNPATH_SEARCH_PATHS = (
					"$(inherited)",
					"@executable_path/Frameworks",
					"@loader_path/Frameworks",
				);
				PRODUCT_BUNDLE_IDENTIFIER = com.sherifzekry.ZoomIt;
				PRODUCT_NAME = "$(TARGET_NAME:c99extidentifier)";
				SKIP_INSTALL = YES;
				SWIFT_OPTIMIZATION_LEVEL = "-Onone";
				SWIFT_VERSION = 4.2;
				TARGETED_DEVICE_FAMILY = "1,2";
			};
			name = Debug;
		};
		7EA8B6F122350ABC002D373C /* Release */ = {
			isa = XCBuildConfiguration;
			buildSettings = {
				CLANG_ENABLE_MODULES = YES;
				CODE_SIGN_IDENTITY = "";
				CODE_SIGN_STYLE = Automatic;
				DEFINES_MODULE = YES;
				DEVELOPMENT_TEAM = GUS473JQDG;
				DYLIB_COMPATIBILITY_VERSION = 1;
				DYLIB_CURRENT_VERSION = 1;
				DYLIB_INSTALL_NAME_BASE = "@rpath";
				INFOPLIST_FILE = ZoomIt/Info.plist;
				INSTALL_PATH = "$(LOCAL_LIBRARY_DIR)/Frameworks";
				LD_RUNPATH_SEARCH_PATHS = (
					"$(inherited)",
					"@executable_path/Frameworks",
					"@loader_path/Frameworks",
				);
				PRODUCT_BUNDLE_IDENTIFIER = com.sherifzekry.ZoomIt;
				PRODUCT_NAME = "$(TARGET_NAME:c99extidentifier)";
				SKIP_INSTALL = YES;
				SWIFT_VERSION = 4.2;
				TARGETED_DEVICE_FAMILY = "1,2";
			};
			name = Release;
		};
		7EA8B6F322350ABC002D373C /* Debug */ = {
			isa = XCBuildConfiguration;
			buildSettings = {
				ALWAYS_EMBED_SWIFT_STANDARD_LIBRARIES = YES;
				CODE_SIGN_STYLE = Automatic;
				DEVELOPMENT_TEAM = GUS473JQDG;
				INFOPLIST_FILE = ZoomItTests/Info.plist;
				LD_RUNPATH_SEARCH_PATHS = (
					"$(inherited)",
					"@executable_path/Frameworks",
					"@loader_path/Frameworks",
				);
				PRODUCT_BUNDLE_IDENTIFIER = com.sherifzekry.ZoomItTests;
				PRODUCT_NAME = "$(TARGET_NAME)";
				SWIFT_VERSION = 4.2;
				TARGETED_DEVICE_FAMILY = "1,2";
			};
			name = Debug;
		};
		7EA8B6F422350ABC002D373C /* Release */ = {
			isa = XCBuildConfiguration;
			buildSettings = {
				ALWAYS_EMBED_SWIFT_STANDARD_LIBRARIES = YES;
				CODE_SIGN_STYLE = Automatic;
				DEVELOPMENT_TEAM = GUS473JQDG;
				INFOPLIST_FILE = ZoomItTests/Info.plist;
				LD_RUNPATH_SEARCH_PATHS = (
					"$(inherited)",
					"@executable_path/Frameworks",
					"@loader_path/Frameworks",
				);
				PRODUCT_BUNDLE_IDENTIFIER = com.sherifzekry.ZoomItTests;
				PRODUCT_NAME = "$(TARGET_NAME)";
				SWIFT_VERSION = 4.2;
				TARGETED_DEVICE_FAMILY = "1,2";
			};
			name = Release;
		};
		7EA8B71422350B23002D373C /* Debug */ = {
			isa = XCBuildConfiguration;
			buildSettings = {
				ASSETCATALOG_COMPILER_APPICON_NAME = AppIcon;
				CODE_SIGN_STYLE = Automatic;
				DEVELOPMENT_TEAM = GUS473JQDG;
				INFOPLIST_FILE = ZoomItExample/Info.plist;
				LD_RUNPATH_SEARCH_PATHS = (
					"$(inherited)",
					"@executable_path/Frameworks",
				);
				PRODUCT_BUNDLE_IDENTIFIER = com.sherifzekry.ZoomItExample;
				PRODUCT_NAME = "$(TARGET_NAME)";
				SWIFT_VERSION = 4.2;
				TARGETED_DEVICE_FAMILY = "1,2";
			};
			name = Debug;
		};
		7EA8B71522350B23002D373C /* Release */ = {
			isa = XCBuildConfiguration;
			buildSettings = {
				ASSETCATALOG_COMPILER_APPICON_NAME = AppIcon;
				CODE_SIGN_STYLE = Automatic;
				DEVELOPMENT_TEAM = GUS473JQDG;
				INFOPLIST_FILE = ZoomItExample/Info.plist;
				LD_RUNPATH_SEARCH_PATHS = (
					"$(inherited)",
					"@executable_path/Frameworks",
				);
				PRODUCT_BUNDLE_IDENTIFIER = com.sherifzekry.ZoomItExample;
				PRODUCT_NAME = "$(TARGET_NAME)";
				SWIFT_VERSION = 4.2;
				TARGETED_DEVICE_FAMILY = "1,2";
			};
			name = Release;
		};
		7EA8B71722350B23002D373C /* Debug */ = {
			isa = XCBuildConfiguration;
			buildSettings = {
				ALWAYS_EMBED_SWIFT_STANDARD_LIBRARIES = YES;
				BUNDLE_LOADER = "$(TEST_HOST)";
				CODE_SIGN_STYLE = Automatic;
				DEVELOPMENT_TEAM = GUS473JQDG;
				INFOPLIST_FILE = ZoomItExampleTests/Info.plist;
				LD_RUNPATH_SEARCH_PATHS = (
					"$(inherited)",
					"@executable_path/Frameworks",
					"@loader_path/Frameworks",
				);
				PRODUCT_BUNDLE_IDENTIFIER = com.sherifzekry.ZoomItExampleTests;
				PRODUCT_NAME = "$(TARGET_NAME)";
				SWIFT_VERSION = 4.2;
				TARGETED_DEVICE_FAMILY = "1,2";
				TEST_HOST = "$(BUILT_PRODUCTS_DIR)/ZoomItExample.app/ZoomItExample";
			};
			name = Debug;
		};
		7EA8B71822350B23002D373C /* Release */ = {
			isa = XCBuildConfiguration;
			buildSettings = {
				ALWAYS_EMBED_SWIFT_STANDARD_LIBRARIES = YES;
				BUNDLE_LOADER = "$(TEST_HOST)";
				CODE_SIGN_STYLE = Automatic;
				DEVELOPMENT_TEAM = GUS473JQDG;
				INFOPLIST_FILE = ZoomItExampleTests/Info.plist;
				LD_RUNPATH_SEARCH_PATHS = (
					"$(inherited)",
					"@executable_path/Frameworks",
					"@loader_path/Frameworks",
				);
				PRODUCT_BUNDLE_IDENTIFIER = com.sherifzekry.ZoomItExampleTests;
				PRODUCT_NAME = "$(TARGET_NAME)";
				SWIFT_VERSION = 4.2;
				TARGETED_DEVICE_FAMILY = "1,2";
				TEST_HOST = "$(BUILT_PRODUCTS_DIR)/ZoomItExample.app/ZoomItExample";
			};
			name = Release;
		};
/* End XCBuildConfiguration section */

/* Begin XCConfigurationList section */
		7EA8B6D522350ABC002D373C /* Build configuration list for PBXProject "ZoomIt" */ = {
			isa = XCConfigurationList;
			buildConfigurations = (
				7EA8B6ED22350ABC002D373C /* Debug */,
				7EA8B6EE22350ABC002D373C /* Release */,
			);
			defaultConfigurationIsVisible = 0;
			defaultConfigurationName = Release;
		};
		7EA8B6EF22350ABC002D373C /* Build configuration list for PBXNativeTarget "ZoomIt" */ = {
			isa = XCConfigurationList;
			buildConfigurations = (
				7EA8B6F022350ABC002D373C /* Debug */,
				7EA8B6F122350ABC002D373C /* Release */,
			);
			defaultConfigurationIsVisible = 0;
			defaultConfigurationName = Release;
		};
		7EA8B6F222350ABC002D373C /* Build configuration list for PBXNativeTarget "ZoomItTests" */ = {
			isa = XCConfigurationList;
			buildConfigurations = (
				7EA8B6F322350ABC002D373C /* Debug */,
				7EA8B6F422350ABC002D373C /* Release */,
			);
			defaultConfigurationIsVisible = 0;
			defaultConfigurationName = Release;
		};
		7EA8B71322350B23002D373C /* Build configuration list for PBXNativeTarget "ZoomItExample" */ = {
			isa = XCConfigurationList;
			buildConfigurations = (
				7EA8B71422350B23002D373C /* Debug */,
				7EA8B71522350B23002D373C /* Release */,
			);
			defaultConfigurationIsVisible = 0;
			defaultConfigurationName = Release;
		};
		7EA8B71622350B23002D373C /* Build configuration list for PBXNativeTarget "ZoomItExampleTests" */ = {
			isa = XCConfigurationList;
			buildConfigurations = (
				7EA8B71722350B23002D373C /* Debug */,
				7EA8B71822350B23002D373C /* Release */,
			);
			defaultConfigurationIsVisible = 0;
			defaultConfigurationName = Release;
		};
/* End XCConfigurationList section */
	};
	rootObject = 7EA8B6D222350ABC002D373C /* Project object */;
}
